{
  "version": 4,
  "terraform_version": "1.9.1",
  "serial": 9,
  "lineage": "7bba332e-8a6d-bdc7-3bce-82aaa760579c",
  "outputs": {},
  "resources": [
    {
      "mode": "managed",
      "type": "local_file",
      "name": "productos",
      "provider": "provider[\"registry.terraform.io/hashicorp/local\"]",
      "instances": [
        {
          "schema_version": 0,
          "attributes": {
            "content": "listado de productos",
            "content_base64": null,
            "content_base64sha256": "qpfD1VPXlDdg+nRwZvqvqNsADOxt7v/sDQe/8z8Wj+o=",
            "content_base64sha512": "2ufFZFuH/YQD5iMDeOSXvqRUoRmN1tN49sVRvCWM6p5XGy1V+Rr1EO5APwD+l+cTG0UoeHe0cJn0TjHyLENaYw==",
            "content_md5": "4f77cc49133f2211ebd6e5984ce32333",
            "content_sha1": "dd1639abc71c83ddf2c31a373be6fc5afde631d2",
            "content_sha256": "aa97c3d553d7943760fa747066faafa8db000cec6deeffec0d07bff33f168fea",
            "content_sha512": "dae7c5645b87fd8403e6230378e497bea454a1198dd6d378f6c551bc258cea9e571b2d55f91af510ee403f00fe97e7131b45287877b47099f44e31f22c435a63",
            "directory_permission": "0777",
            "file_permission": "0777",
            "filename": "productos-sharp-seagull.txt",
            "id": "dd1639abc71c83ddf2c31a373be6fc5afde631d2",
            "sensitive_content": null,
            "source": null
          },
          "sensitive_attributes": [
            [
              {
                "type": "get_attr",
                "value": "sensitive_content"
              }
            ]
          ],
          "dependencies": [
            "random_pet.sufijo"
          ]
        }
      ]
    },
    {
      "mode": "managed",
      "type": "random_pet",
      "name": "sufijo",
      "provider": "provider[\"registry.terraform.io/hashicorp/random\"]",
      "instances": [
        {
          "schema_version": 0,
          "attributes": {
            "id": "sharp-seagull",
            "keepers": null,
            "length": 2,
            "prefix": null,
            "separator": "-"
          },
          "sensitive_attributes": []
        }
      ]
    }
  ],
  "check_results": null
}
